
Microsoft Visual Studio Solution File, Format Version 12.00
# Visual Studio Version 17
VisualStudioVersion = 17.2.32630.192
MinimumVisualStudioVersion = 10.0.40219.1
Project("{2150E333-8FDC-42A3-9474-1A3956D46DE8}") = "API", "API", "{72B9B6B6-A67E-4042-BDD2-321072BA4D7B}"
EndProject
Project("{2150E333-8FDC-42A3-9474-1A3956D46DE8}") = "Client", "Client", "{D5718BA7-13F9-4CD8-B699-BBE5BD5B1AF1}"
EndProject
Project("{9A19103F-16F7-4668-BE54-9A1E7A4F7556}") = "EMS.Api", "EMS.Api\EMS.Api.csproj", "{20BE4D60-50FE-4BF1-B2F0-1498E6FD0AF3}"
EndProject
Project("{2150E333-8FDC-42A3-9474-1A3956D46DE8}") = "Presentation", "Presentation", "{81A65CB2-62D4-495B-88A7-E722C25ACA6B}"
EndProject
Project("{2150E333-8FDC-42A3-9474-1A3956D46DE8}") = "Model", "Model", "{F405BF93-F03B-49A1-899A-1677DE557F50}"
EndProject
Project("{2150E333-8FDC-42A3-9474-1A3956D46DE8}") = "Infrastructure", "Infrastructure", "{57181E4C-AFAF-4A9D-9B3C-A87CE051EA8B}"
EndProject
Project("{2150E333-8FDC-42A3-9474-1A3956D46DE8}") = "Application", "Application", "{E3804274-3401-40A1-BA02-921AF4B14865}"
EndProject
Project("{9A19103F-16F7-4668-BE54-9A1E7A4F7556}") = "EMS.Application", "EMS.Application\EMS.Application.csproj", "{C6097B19-9D01-48CA-A851-18974CF0DA31}"
EndProject
Project("{9A19103F-16F7-4668-BE54-9A1E7A4F7556}") = "EMS.Data", "EMS.Data\EMS.Data.csproj", "{6277FD78-3534-44B2-A854-CA2C02CC72EA}"
EndProject
Project("{9A19103F-16F7-4668-BE54-9A1E7A4F7556}") = "EMS.Entities", "EMS.Entities\EMS.Entities.csproj", "{A14A871C-6069-45AC-9093-C07AE9FFEB44}"
EndProject
Project("{9A19103F-16F7-4668-BE54-9A1E7A4F7556}") = "EMS.Client", "EMS.Client\EMS.Client.csproj", "{017E3401-AD78-43C2-9919-D030FD57B774}"
EndProject
Global
	GlobalSection(SolutionConfigurationPlatforms) = preSolution
		Debug|Any CPU = Debug|Any CPU
		Release|Any CPU = Release|Any CPU
	EndGlobalSection
	GlobalSection(ProjectConfigurationPlatforms) = postSolution
		{20BE4D60-50FE-4BF1-B2F0-1498E6FD0AF3}.Debug|Any CPU.ActiveCfg = Debug|Any CPU
		{20BE4D60-50FE-4BF1-B2F0-1498E6FD0AF3}.Debug|Any CPU.Build.0 = Debug|Any CPU
		{20BE4D60-50FE-4BF1-B2F0-1498E6FD0AF3}.Release|Any CPU.ActiveCfg = Release|Any CPU
		{20BE4D60-50FE-4BF1-B2F0-1498E6FD0AF3}.Release|Any CPU.Build.0 = Release|Any CPU
		{C6097B19-9D01-48CA-A851-18974CF0DA31}.Debug|Any CPU.ActiveCfg = Debug|Any CPU
		{C6097B19-9D01-48CA-A851-18974CF0DA31}.Debug|Any CPU.Build.0 = Debug|Any CPU
		{C6097B19-9D01-48CA-A851-18974CF0DA31}.Release|Any CPU.ActiveCfg = Release|Any CPU
		{C6097B19-9D01-48CA-A851-18974CF0DA31}.Release|Any CPU.Build.0 = Release|Any CPU
		{6277FD78-3534-44B2-A854-CA2C02CC72EA}.Debug|Any CPU.ActiveCfg = Debug|Any CPU
		{6277FD78-3534-44B2-A854-CA2C02CC72EA}.Debug|Any CPU.Build.0 = Debug|Any CPU
		{6277FD78-3534-44B2-A854-CA2C02CC72EA}.Release|Any CPU.ActiveCfg = Release|Any CPU
		{6277FD78-3534-44B2-A854-CA2C02CC72EA}.Release|Any CPU.Build.0 = Release|Any CPU
		{A14A871C-6069-45AC-9093-C07AE9FFEB44}.Debug|Any CPU.ActiveCfg = Debug|Any CPU
		{A14A871C-6069-45AC-9093-C07AE9FFEB44}.Debug|Any CPU.Build.0 = Debug|Any CPU
		{A14A871C-6069-45AC-9093-C07AE9FFEB44}.Release|Any CPU.ActiveCfg = Release|Any CPU
		{A14A871C-6069-45AC-9093-C07AE9FFEB44}.Release|Any CPU.Build.0 = Release|Any CPU
		{017E3401-AD78-43C2-9919-D030FD57B774}.Debug|Any CPU.ActiveCfg = Debug|Any CPU
		{017E3401-AD78-43C2-9919-D030FD57B774}.Debug|Any CPU.Build.0 = Debug|Any CPU
		{017E3401-AD78-43C2-9919-D030FD57B774}.Release|Any CPU.ActiveCfg = Release|Any CPU
		{017E3401-AD78-43C2-9919-D030FD57B774}.Release|Any CPU.Build.0 = Release|Any CPU
	EndGlobalSection
	GlobalSection(SolutionProperties) = preSolution
		HideSolutionNode = FALSE
	EndGlobalSection
	GlobalSection(NestedProjects) = preSolution
		{20BE4D60-50FE-4BF1-B2F0-1498E6FD0AF3} = {81A65CB2-62D4-495B-88A7-E722C25ACA6B}
		{81A65CB2-62D4-495B-88A7-E722C25ACA6B} = {72B9B6B6-A67E-4042-BDD2-321072BA4D7B}
		{F405BF93-F03B-49A1-899A-1677DE557F50} = {72B9B6B6-A67E-4042-BDD2-321072BA4D7B}
		{57181E4C-AFAF-4A9D-9B3C-A87CE051EA8B} = {72B9B6B6-A67E-4042-BDD2-321072BA4D7B}
		{E3804274-3401-40A1-BA02-921AF4B14865} = {72B9B6B6-A67E-4042-BDD2-321072BA4D7B}
		{C6097B19-9D01-48CA-A851-18974CF0DA31} = {E3804274-3401-40A1-BA02-921AF4B14865}
		{6277FD78-3534-44B2-A854-CA2C02CC72EA} = {57181E4C-AFAF-4A9D-9B3C-A87CE051EA8B}
		{A14A871C-6069-45AC-9093-C07AE9FFEB44} = {F405BF93-F03B-49A1-899A-1677DE557F50}
		{017E3401-AD78-43C2-9919-D030FD57B774} = {D5718BA7-13F9-4CD8-B699-BBE5BD5B1AF1}
	EndGlobalSection
	GlobalSection(ExtensibilityGlobals) = postSolution
		SolutionGuid = {C62B6B56-9B37-482A-B554-9471AC2C98AE}
	EndGlobalSection
EndGlobal
